
Microsoft Visual Studio Solution File, Format Version 12.00
# Visual Studio Version 17
VisualStudioVersion = 17.9.34728.123
MinimumVisualStudioVersion = 10.0.40219.1
Project("{FAE04EC0-301F-11D3-BF4B-00C04F79EFBC}") = "ManajemenPelanggan", "ManajemenPelanggan\ManajemenPelanggan.csproj", "{239041E1-FE71-48EB-8D16-6213085E9F74}"
EndProject
Global
	GlobalSection(SolutionConfigurationPlatforms) = preSolution
		Debug|Any CPU = Debug|Any CPU
		Release|Any CPU = Release|Any CPU
	EndGlobalSection
	GlobalSection(ProjectConfigurationPlatforms) = postSolution
		{239041E1-FE71-48EB-8D16-6213085E9F74}.Debug|Any CPU.ActiveCfg = Debug|Any CPU
		{239041E1-FE71-48EB-8D16-6213085E9F74}.Debug|Any CPU.Build.0 = Debug|Any CPU
		{239041E1-FE71-48EB-8D16-6213085E9F74}.Release|Any CPU.ActiveCfg = Release|Any CPU
		{239041E1-FE71-48EB-8D16-6213085E9F74}.Release|Any CPU.Build.0 = Release|Any CPU
	EndGlobalSection
	GlobalSection(SolutionProperties) = preSolution
		HideSolutionNode = FALSE
	EndGlobalSection
	GlobalSection(ExtensibilityGlobals) = postSolution
		SolutionGuid = {25D171F8-CEBB-4508-AABE-8084FBC2FD55}
	EndGlobalSection
EndGlobal
