
Microsoft Visual Studio Solution File, Format Version 12.00
# Visual Studio Version 17
VisualStudioVersion = 17.9.34728.123
MinimumVisualStudioVersion = 10.0.40219.1
Project("{FAE04EC0-301F-11D3-BF4B-00C04F79EFBC}") = "MenuManager", "MenuManager\MenuManager.csproj", "{711870CE-841D-458E-96DE-27E504D91CD0}"
EndProject
Project("{FAE04EC0-301F-11D3-BF4B-00C04F79EFBC}") = "OrderLibrary", "OrderLibrary\OrderLibrary.csproj", "{0AD029B6-2584-4A9D-A9D0-06116C6D554A}"
EndProject
Global
	GlobalSection(SolutionConfigurationPlatforms) = preSolution
		Debug|Any CPU = Debug|Any CPU
		Release|Any CPU = Release|Any CPU
	EndGlobalSection
	GlobalSection(ProjectConfigurationPlatforms) = postSolution
		{711870CE-841D-458E-96DE-27E504D91CD0}.Debug|Any CPU.ActiveCfg = Debug|Any CPU
		{711870CE-841D-458E-96DE-27E504D91CD0}.Debug|Any CPU.Build.0 = Debug|Any CPU
		{711870CE-841D-458E-96DE-27E504D91CD0}.Release|Any CPU.ActiveCfg = Release|Any CPU
		{711870CE-841D-458E-96DE-27E504D91CD0}.Release|Any CPU.Build.0 = Release|Any CPU
		{0AD029B6-2584-4A9D-A9D0-06116C6D554A}.Debug|Any CPU.ActiveCfg = Debug|Any CPU
		{0AD029B6-2584-4A9D-A9D0-06116C6D554A}.Debug|Any CPU.Build.0 = Debug|Any CPU
		{0AD029B6-2584-4A9D-A9D0-06116C6D554A}.Release|Any CPU.ActiveCfg = Release|Any CPU
		{0AD029B6-2584-4A9D-A9D0-06116C6D554A}.Release|Any CPU.Build.0 = Release|Any CPU
	EndGlobalSection
	GlobalSection(SolutionProperties) = preSolution
		HideSolutionNode = FALSE
	EndGlobalSection
	GlobalSection(ExtensibilityGlobals) = postSolution
		SolutionGuid = {12F6D766-F87D-433D-BA10-F6DD11EB4129}
	EndGlobalSection
EndGlobal
